
Microsoft Visual Studio Solution File, Format Version 12.00
# Visual Studio Version 17
VisualStudioVersion = 17.5.33530.505
MinimumVisualStudioVersion = 10.0.40219.1
Project("{9A19103F-16F7-4668-BE54-9A1E7A4F7556}") = "protecno.api.sync.application", "protecno.api.sync.application\protecno.api.sync.application.csproj", "{28B0ED8B-0D20-45A0-9BCF-874EA1A788D0}"
EndProject
Project("{9A19103F-16F7-4668-BE54-9A1E7A4F7556}") = "protecno.api.sync.domain", "protecno.api.sync.domain\protecno.api.sync.domain.csproj", "{8EEF00A6-EF09-48E3-ADA4-C23EEC61D2D9}"
EndProject
Project("{9A19103F-16F7-4668-BE54-9A1E7A4F7556}") = "protecno.api.sync.infrastructure", "protecno.api.sync.infrastructure\protecno.api.sync.infrastructure.csproj", "{163344D2-FAC8-4B8D-8F97-2ADACE5029D8}"
EndProject
Global
	GlobalSection(SolutionConfigurationPlatforms) = preSolution
		Debug|Any CPU = Debug|Any CPU
		Release|Any CPU = Release|Any CPU
	EndGlobalSection
	GlobalSection(ProjectConfigurationPlatforms) = postSolution
		{28B0ED8B-0D20-45A0-9BCF-874EA1A788D0}.Debug|Any CPU.ActiveCfg = Debug|Any CPU
		{28B0ED8B-0D20-45A0-9BCF-874EA1A788D0}.Debug|Any CPU.Build.0 = Debug|Any CPU
		{28B0ED8B-0D20-45A0-9BCF-874EA1A788D0}.Release|Any CPU.ActiveCfg = Release|Any CPU
		{28B0ED8B-0D20-45A0-9BCF-874EA1A788D0}.Release|Any CPU.Build.0 = Release|Any CPU
		{8EEF00A6-EF09-48E3-ADA4-C23EEC61D2D9}.Debug|Any CPU.ActiveCfg = Debug|Any CPU
		{8EEF00A6-EF09-48E3-ADA4-C23EEC61D2D9}.Debug|Any CPU.Build.0 = Debug|Any CPU
		{8EEF00A6-EF09-48E3-ADA4-C23EEC61D2D9}.Release|Any CPU.ActiveCfg = Release|Any CPU
		{8EEF00A6-EF09-48E3-ADA4-C23EEC61D2D9}.Release|Any CPU.Build.0 = Release|Any CPU
		{163344D2-FAC8-4B8D-8F97-2ADACE5029D8}.Debug|Any CPU.ActiveCfg = Debug|Any CPU
		{163344D2-FAC8-4B8D-8F97-2ADACE5029D8}.Debug|Any CPU.Build.0 = Debug|Any CPU
		{163344D2-FAC8-4B8D-8F97-2ADACE5029D8}.Release|Any CPU.ActiveCfg = Release|Any CPU
		{163344D2-FAC8-4B8D-8F97-2ADACE5029D8}.Release|Any CPU.Build.0 = Release|Any CPU
	EndGlobalSection
	GlobalSection(SolutionProperties) = preSolution
		HideSolutionNode = FALSE
	EndGlobalSection
	GlobalSection(ExtensibilityGlobals) = postSolution
		SolutionGuid = {BC60150B-CD16-45C3-9F25-4A5CC56260C7}
	EndGlobalSection
EndGlobal
